
Microsoft Visual Studio Solution File, Format Version 12.00
# Visual Studio 15
VisualStudioVersion = 15.0.26730.12
MinimumVisualStudioVersion = 10.0.40219.1
Project("{FAE04EC0-301F-11D3-BF4B-00C04F79EFBC}") = "UltimateDice21", "UltimateDice21\UltimateDice21.csproj", "{1E731085-9849-4CF4-96AD-8886C040CFA1}"
EndProject
Global
	GlobalSection(SolutionConfigurationPlatforms) = preSolution
		Debug|Any CPU = Debug|Any CPU
		Release|Any CPU = Release|Any CPU
	EndGlobalSection
	GlobalSection(ProjectConfigurationPlatforms) = postSolution
		{1E731085-9849-4CF4-96AD-8886C040CFA1}.Debug|Any CPU.ActiveCfg = Debug|Any CPU
		{1E731085-9849-4CF4-96AD-8886C040CFA1}.Debug|Any CPU.Build.0 = Debug|Any CPU
		{1E731085-9849-4CF4-96AD-8886C040CFA1}.Release|Any CPU.ActiveCfg = Release|Any CPU
		{1E731085-9849-4CF4-96AD-8886C040CFA1}.Release|Any CPU.Build.0 = Release|Any CPU
	EndGlobalSection
	GlobalSection(SolutionProperties) = preSolution
		HideSolutionNode = FALSE
	EndGlobalSection
	GlobalSection(ExtensibilityGlobals) = postSolution
		SolutionGuid = {7717A304-D6F9-4AF6-8596-00937F76CD19}
	EndGlobalSection
EndGlobal
