
Microsoft Visual Studio Solution File, Format Version 12.00
# Visual Studio 15
VisualStudioVersion = 15.0.26730.12
MinimumVisualStudioVersion = 10.0.40219.1
Project("{FAE04EC0-301F-11D3-BF4B-00C04F79EFBC}") = "Area", "Area\Area.csproj", "{1B81EDA1-12FF-43AD-AF4C-35DB697FF1F8}"
EndProject
Global
	GlobalSection(SolutionConfigurationPlatforms) = preSolution
		Debug|Any CPU = Debug|Any CPU
		Release|Any CPU = Release|Any CPU
	EndGlobalSection
	GlobalSection(ProjectConfigurationPlatforms) = postSolution
		{1B81EDA1-12FF-43AD-AF4C-35DB697FF1F8}.Debug|Any CPU.ActiveCfg = Debug|Any CPU
		{1B81EDA1-12FF-43AD-AF4C-35DB697FF1F8}.Debug|Any CPU.Build.0 = Debug|Any CPU
		{1B81EDA1-12FF-43AD-AF4C-35DB697FF1F8}.Release|Any CPU.ActiveCfg = Release|Any CPU
		{1B81EDA1-12FF-43AD-AF4C-35DB697FF1F8}.Release|Any CPU.Build.0 = Release|Any CPU
	EndGlobalSection
	GlobalSection(SolutionProperties) = preSolution
		HideSolutionNode = FALSE
	EndGlobalSection
	GlobalSection(ExtensibilityGlobals) = postSolution
		SolutionGuid = {FE5D5E34-6A10-444B-9274-ED373F76A5BC}
	EndGlobalSection
EndGlobal
